
Microsoft Visual Studio Solution File, Format Version 12.00
# Visual Studio 14
VisualStudioVersion = 14.0.25420.1
MinimumVisualStudioVersion = 10.0.40219.1
Project("{FAE04EC0-301F-11D3-BF4B-00C04F79EFBC}") = "Cafe X Tip Calculator", "Cafe X Tip Calculator\Cafe X Tip Calculator.csproj", "{45BE8C84-3115-41AC-A57C-865C09F4FEC9}"
EndProject
Project("{FAE04EC0-301F-11D3-BF4B-00C04F79EFBC}") = "Cafe X Tip CalculatorTests", "Cafe X Tip CalculatorTests\Cafe X Tip CalculatorTests.csproj", "{FD32CD4B-61B2-4455-BA23-62B24A3ED1E8}"
EndProject
Global
	GlobalSection(SolutionConfigurationPlatforms) = preSolution
		Debug|Any CPU = Debug|Any CPU
		Release|Any CPU = Release|Any CPU
	EndGlobalSection
	GlobalSection(ProjectConfigurationPlatforms) = postSolution
		{45BE8C84-3115-41AC-A57C-865C09F4FEC9}.Debug|Any CPU.ActiveCfg = Debug|Any CPU
		{45BE8C84-3115-41AC-A57C-865C09F4FEC9}.Debug|Any CPU.Build.0 = Debug|Any CPU
		{45BE8C84-3115-41AC-A57C-865C09F4FEC9}.Release|Any CPU.ActiveCfg = Release|Any CPU
		{45BE8C84-3115-41AC-A57C-865C09F4FEC9}.Release|Any CPU.Build.0 = Release|Any CPU
		{FD32CD4B-61B2-4455-BA23-62B24A3ED1E8}.Debug|Any CPU.ActiveCfg = Debug|Any CPU
		{FD32CD4B-61B2-4455-BA23-62B24A3ED1E8}.Debug|Any CPU.Build.0 = Debug|Any CPU
		{FD32CD4B-61B2-4455-BA23-62B24A3ED1E8}.Release|Any CPU.ActiveCfg = Release|Any CPU
		{FD32CD4B-61B2-4455-BA23-62B24A3ED1E8}.Release|Any CPU.Build.0 = Release|Any CPU
	EndGlobalSection
	GlobalSection(SolutionProperties) = preSolution
		HideSolutionNode = FALSE
	EndGlobalSection
EndGlobal
